
Microsoft Visual Studio Solution File, Format Version 12.00
# Visual Studio Version 17
VisualStudioVersion = 17.0.31903.59
MinimumVisualStudioVersion = 10.0.40219.1
Project("{2150E333-8FDC-42A3-9474-1A3956D46DE8}") = "src", "src", "{6FE9FCFA-CBB2-4404-88B4-FBEBEAF899E4}"
EndProject
Project("{FAE04EC0-301F-11D3-BF4B-00C04F79EFBC}") = "ConsoleSupervisor", "src\ConsoleSupervisor\ConsoleSupervisor.csproj", "{100970AF-26A1-4BE3-839D-415D2E11E5FF}"
EndProject
Project("{FAE04EC0-301F-11D3-BF4B-00C04F79EFBC}") = "ConsoleSupervisor.Tests", "src\ConsoleSupervisor.Tests\ConsoleSupervisor.Tests.csproj", "{DEB0635B-A93E-4E8E-9B77-9112DC2D3227}"
EndProject
Project("{FAE04EC0-301F-11D3-BF4B-00C04F79EFBC}") = "ConsoleLibrary", "src\ConsoleLibrary\ConsoleLibrary.csproj", "{7A54816E-72E3-4034-A304-2FC56D89BD16}"
EndProject
Project("{FAE04EC0-301F-11D3-BF4B-00C04F79EFBC}") = "ConsoleLibrary.Tests", "src\ConsoleLibrary.Tests\ConsoleLibrary.Tests.csproj", "{E75B8C08-590E-495F-A8C9-3236F1EA01BE}"
EndProject
Project("{FAE04EC0-301F-11D3-BF4B-00C04F79EFBC}") = "Input", "src\Input\Input.csproj", "{8B9AFC47-EF46-4EBC-9333-BBAA4A7C520A}"
EndProject
Project("{FAE04EC0-301F-11D3-BF4B-00C04F79EFBC}") = "Input.Tests", "src\Input.Tests\Input.Tests.csproj", "{43DDDF32-E483-4541-8B85-C117B4A41EE4}"
EndProject
Project("{FAE04EC0-301F-11D3-BF4B-00C04F79EFBC}") = "GameLauncher", "src\GameLauncher\GameLauncher.csproj", "{248964ED-7116-423B-BFC9-3B10C45A9629}"
EndProject
Project("{FAE04EC0-301F-11D3-BF4B-00C04F79EFBC}") = "GameLauncher.Tests", "src\GameLauncher.Tests\GameLauncher.Tests.csproj", "{94EBE329-C5A0-47D0-BEFE-9D76599CD03F}"
EndProject
Project("{FAE04EC0-301F-11D3-BF4B-00C04F79EFBC}") = "HardwareManager", "src\HardwareManager\HardwareManager.csproj", "{3901DD7C-9391-4A49-9F01-62753172B77A}"
EndProject
Project("{FAE04EC0-301F-11D3-BF4B-00C04F79EFBC}") = "HardwareManager.Tests", "src\HardwareManager.Tests\HardwareManager.Tests.csproj", "{1C08C297-69E0-4146-9F23-941EA4124F6A}"
EndProject
Project("{FAE04EC0-301F-11D3-BF4B-00C04F79EFBC}") = "CecController", "src\CecController\CecController.csproj", "{22088D47-C86B-46DC-874C-33DE14D886CF}"
EndProject
Project("{FAE04EC0-301F-11D3-BF4B-00C04F79EFBC}") = "CecController.Tests", "src\CecController.Tests\CecController.Tests.csproj", "{51B8D467-C78B-4D40-9B83-ABC28DBA24A3}"
EndProject
Project("{FAE04EC0-301F-11D3-BF4B-00C04F79EFBC}") = "MaintenanceHub", "src\MaintenanceHub\MaintenanceHub.csproj", "{F9489049-80E6-479B-94DD-BE6E24A784F2}"
EndProject
Project("{FAE04EC0-301F-11D3-BF4B-00C04F79EFBC}") = "MaintenanceHub.Tests", "src\MaintenanceHub.Tests\MaintenanceHub.Tests.csproj", "{48DA6248-D289-4831-8024-C2F24745C816}"
EndProject
Project("{FAE04EC0-301F-11D3-BF4B-00C04F79EFBC}") = "UI", "src\UI\UI.csproj", "{8ABE05E6-D644-47F3-A7B6-9EC9E8828E3C}"
EndProject
Global
	GlobalSection(SolutionConfigurationPlatforms) = preSolution
		Debug|Any CPU = Debug|Any CPU
		Release|Any CPU = Release|Any CPU
	EndGlobalSection
	GlobalSection(SolutionProperties) = preSolution
		HideSolutionNode = FALSE
	EndGlobalSection
	GlobalSection(ProjectConfigurationPlatforms) = postSolution
		{100970AF-26A1-4BE3-839D-415D2E11E5FF}.Debug|Any CPU.ActiveCfg = Debug|Any CPU
		{100970AF-26A1-4BE3-839D-415D2E11E5FF}.Debug|Any CPU.Build.0 = Debug|Any CPU
		{100970AF-26A1-4BE3-839D-415D2E11E5FF}.Release|Any CPU.ActiveCfg = Release|Any CPU
		{100970AF-26A1-4BE3-839D-415D2E11E5FF}.Release|Any CPU.Build.0 = Release|Any CPU
		{DEB0635B-A93E-4E8E-9B77-9112DC2D3227}.Debug|Any CPU.ActiveCfg = Debug|Any CPU
		{DEB0635B-A93E-4E8E-9B77-9112DC2D3227}.Debug|Any CPU.Build.0 = Debug|Any CPU
		{DEB0635B-A93E-4E8E-9B77-9112DC2D3227}.Release|Any CPU.ActiveCfg = Release|Any CPU
		{DEB0635B-A93E-4E8E-9B77-9112DC2D3227}.Release|Any CPU.Build.0 = Release|Any CPU
		{7A54816E-72E3-4034-A304-2FC56D89BD16}.Debug|Any CPU.ActiveCfg = Debug|Any CPU
		{7A54816E-72E3-4034-A304-2FC56D89BD16}.Debug|Any CPU.Build.0 = Debug|Any CPU
		{7A54816E-72E3-4034-A304-2FC56D89BD16}.Release|Any CPU.ActiveCfg = Release|Any CPU
		{7A54816E-72E3-4034-A304-2FC56D89BD16}.Release|Any CPU.Build.0 = Release|Any CPU
		{E75B8C08-590E-495F-A8C9-3236F1EA01BE}.Debug|Any CPU.ActiveCfg = Debug|Any CPU
		{E75B8C08-590E-495F-A8C9-3236F1EA01BE}.Debug|Any CPU.Build.0 = Debug|Any CPU
		{E75B8C08-590E-495F-A8C9-3236F1EA01BE}.Release|Any CPU.ActiveCfg = Release|Any CPU
		{E75B8C08-590E-495F-A8C9-3236F1EA01BE}.Release|Any CPU.Build.0 = Release|Any CPU
		{8B9AFC47-EF46-4EBC-9333-BBAA4A7C520A}.Debug|Any CPU.ActiveCfg = Debug|Any CPU
		{8B9AFC47-EF46-4EBC-9333-BBAA4A7C520A}.Debug|Any CPU.Build.0 = Debug|Any CPU
		{8B9AFC47-EF46-4EBC-9333-BBAA4A7C520A}.Release|Any CPU.ActiveCfg = Release|Any CPU
		{8B9AFC47-EF46-4EBC-9333-BBAA4A7C520A}.Release|Any CPU.Build.0 = Release|Any CPU
		{43DDDF32-E483-4541-8B85-C117B4A41EE4}.Debug|Any CPU.ActiveCfg = Debug|Any CPU
		{43DDDF32-E483-4541-8B85-C117B4A41EE4}.Debug|Any CPU.Build.0 = Debug|Any CPU
		{43DDDF32-E483-4541-8B85-C117B4A41EE4}.Release|Any CPU.ActiveCfg = Release|Any CPU
		{43DDDF32-E483-4541-8B85-C117B4A41EE4}.Release|Any CPU.Build.0 = Release|Any CPU
		{248964ED-7116-423B-BFC9-3B10C45A9629}.Debug|Any CPU.ActiveCfg = Debug|Any CPU
		{248964ED-7116-423B-BFC9-3B10C45A9629}.Debug|Any CPU.Build.0 = Debug|Any CPU
		{248964ED-7116-423B-BFC9-3B10C45A9629}.Release|Any CPU.ActiveCfg = Release|Any CPU
		{248964ED-7116-423B-BFC9-3B10C45A9629}.Release|Any CPU.Build.0 = Release|Any CPU
		{94EBE329-C5A0-47D0-BEFE-9D76599CD03F}.Debug|Any CPU.ActiveCfg = Debug|Any CPU
		{94EBE329-C5A0-47D0-BEFE-9D76599CD03F}.Debug|Any CPU.Build.0 = Debug|Any CPU
		{94EBE329-C5A0-47D0-BEFE-9D76599CD03F}.Release|Any CPU.ActiveCfg = Release|Any CPU
		{94EBE329-C5A0-47D0-BEFE-9D76599CD03F}.Release|Any CPU.Build.0 = Release|Any CPU
		{3901DD7C-9391-4A49-9F01-62753172B77A}.Debug|Any CPU.ActiveCfg = Debug|Any CPU
		{3901DD7C-9391-4A49-9F01-62753172B77A}.Debug|Any CPU.Build.0 = Debug|Any CPU
		{3901DD7C-9391-4A49-9F01-62753172B77A}.Release|Any CPU.ActiveCfg = Release|Any CPU
		{3901DD7C-9391-4A49-9F01-62753172B77A}.Release|Any CPU.Build.0 = Release|Any CPU
		{1C08C297-69E0-4146-9F23-941EA4124F6A}.Debug|Any CPU.ActiveCfg = Debug|Any CPU
		{1C08C297-69E0-4146-9F23-941EA4124F6A}.Debug|Any CPU.Build.0 = Debug|Any CPU
		{1C08C297-69E0-4146-9F23-941EA4124F6A}.Release|Any CPU.ActiveCfg = Release|Any CPU
		{1C08C297-69E0-4146-9F23-941EA4124F6A}.Release|Any CPU.Build.0 = Release|Any CPU
		{22088D47-C86B-46DC-874C-33DE14D886CF}.Debug|Any CPU.ActiveCfg = Debug|Any CPU
		{22088D47-C86B-46DC-874C-33DE14D886CF}.Debug|Any CPU.Build.0 = Debug|Any CPU
		{22088D47-C86B-46DC-874C-33DE14D886CF}.Release|Any CPU.ActiveCfg = Release|Any CPU
		{22088D47-C86B-46DC-874C-33DE14D886CF}.Release|Any CPU.Build.0 = Release|Any CPU
		{51B8D467-C78B-4D40-9B83-ABC28DBA24A3}.Debug|Any CPU.ActiveCfg = Debug|Any CPU
		{51B8D467-C78B-4D40-9B83-ABC28DBA24A3}.Debug|Any CPU.Build.0 = Debug|Any CPU
		{51B8D467-C78B-4D40-9B83-ABC28DBA24A3}.Release|Any CPU.ActiveCfg = Release|Any CPU
		{51B8D467-C78B-4D40-9B83-ABC28DBA24A3}.Release|Any CPU.Build.0 = Release|Any CPU
		{F9489049-80E6-479B-94DD-BE6E24A784F2}.Debug|Any CPU.ActiveCfg = Debug|Any CPU
		{F9489049-80E6-479B-94DD-BE6E24A784F2}.Debug|Any CPU.Build.0 = Debug|Any CPU
		{F9489049-80E6-479B-94DD-BE6E24A784F2}.Release|Any CPU.ActiveCfg = Release|Any CPU
		{F9489049-80E6-479B-94DD-BE6E24A784F2}.Release|Any CPU.Build.0 = Release|Any CPU
		{48DA6248-D289-4831-8024-C2F24745C816}.Debug|Any CPU.ActiveCfg = Debug|Any CPU
		{48DA6248-D289-4831-8024-C2F24745C816}.Debug|Any CPU.Build.0 = Debug|Any CPU
		{48DA6248-D289-4831-8024-C2F24745C816}.Release|Any CPU.ActiveCfg = Release|Any CPU
		{48DA6248-D289-4831-8024-C2F24745C816}.Release|Any CPU.Build.0 = Release|Any CPU
		{8ABE05E6-D644-47F3-A7B6-9EC9E8828E3C}.Debug|Any CPU.ActiveCfg = Debug|Any CPU
		{8ABE05E6-D644-47F3-A7B6-9EC9E8828E3C}.Debug|Any CPU.Build.0 = Debug|Any CPU
		{8ABE05E6-D644-47F3-A7B6-9EC9E8828E3C}.Release|Any CPU.ActiveCfg = Release|Any CPU
		{8ABE05E6-D644-47F3-A7B6-9EC9E8828E3C}.Release|Any CPU.Build.0 = Release|Any CPU
	EndGlobalSection
	GlobalSection(NestedProjects) = preSolution
		{100970AF-26A1-4BE3-839D-415D2E11E5FF} = {6FE9FCFA-CBB2-4404-88B4-FBEBEAF899E4}
		{DEB0635B-A93E-4E8E-9B77-9112DC2D3227} = {6FE9FCFA-CBB2-4404-88B4-FBEBEAF899E4}
		{7A54816E-72E3-4034-A304-2FC56D89BD16} = {6FE9FCFA-CBB2-4404-88B4-FBEBEAF899E4}
		{E75B8C08-590E-495F-A8C9-3236F1EA01BE} = {6FE9FCFA-CBB2-4404-88B4-FBEBEAF899E4}
		{8B9AFC47-EF46-4EBC-9333-BBAA4A7C520A} = {6FE9FCFA-CBB2-4404-88B4-FBEBEAF899E4}
		{43DDDF32-E483-4541-8B85-C117B4A41EE4} = {6FE9FCFA-CBB2-4404-88B4-FBEBEAF899E4}
		{248964ED-7116-423B-BFC9-3B10C45A9629} = {6FE9FCFA-CBB2-4404-88B4-FBEBEAF899E4}
		{94EBE329-C5A0-47D0-BEFE-9D76599CD03F} = {6FE9FCFA-CBB2-4404-88B4-FBEBEAF899E4}
		{3901DD7C-9391-4A49-9F01-62753172B77A} = {6FE9FCFA-CBB2-4404-88B4-FBEBEAF899E4}
		{1C08C297-69E0-4146-9F23-941EA4124F6A} = {6FE9FCFA-CBB2-4404-88B4-FBEBEAF899E4}
		{22088D47-C86B-46DC-874C-33DE14D886CF} = {6FE9FCFA-CBB2-4404-88B4-FBEBEAF899E4}
		{51B8D467-C78B-4D40-9B83-ABC28DBA24A3} = {6FE9FCFA-CBB2-4404-88B4-FBEBEAF899E4}
		{F9489049-80E6-479B-94DD-BE6E24A784F2} = {6FE9FCFA-CBB2-4404-88B4-FBEBEAF899E4}
		{48DA6248-D289-4831-8024-C2F24745C816} = {6FE9FCFA-CBB2-4404-88B4-FBEBEAF899E4}
		{8ABE05E6-D644-47F3-A7B6-9EC9E8828E3C} = {6FE9FCFA-CBB2-4404-88B4-FBEBEAF899E4}
	EndGlobalSection
EndGlobal
